
Microsoft Visual Studio Solution File, Format Version 12.00
Project("{FAE04EC0-301F-11D3-BF4B-00C04F79EFBC}") = "RaidMonitor.Web", "RaidMonitor.Web\RaidMonitor.Web.csproj", "{8F800AF6-8212-4448-8B30-6061637C0FE0}"
EndProject
Project("{2150E333-8FDC-42A3-9474-1A3956D46DE8}") = "Solution Items", "Solution Items", "{870DE2BE-A21C-42FA-9E38-3228C5B3E374}"
	ProjectSection(SolutionItems) = preProject
		compose.yaml = compose.yaml
	EndProjectSection
EndProject
Project("{FAE04EC0-301F-11D3-BF4B-00C04F79EFBC}") = "RaidMonitor.Data", "RaidMonitor.Data\RaidMonitor.Data.csproj", "{E680A7A8-8034-4571-82B0-6A6591447315}"
EndProject
Project("{FAE04EC0-301F-11D3-BF4B-00C04F79EFBC}") = "RaidMonitor.Application", "RaidMonitor.Application\RaidMonitor.Application.csproj", "{1812EC3B-D7DA-4877-93B4-BEEA6BCFF0B5}"
EndProject
Project("{FAE04EC0-301F-11D3-BF4B-00C04F79EFBC}") = "RaidMonitor.Application.Abstractions", "RaidMonitor.Application.Abstractions\RaidMonitor.Application.Abstractions.csproj", "{9EF0F389-F63B-45E1-8607-4DF7872965A8}"
EndProject
Project("{FAE04EC0-301F-11D3-BF4B-00C04F79EFBC}") = "RaidMonitor.Core", "RaidMonitor.Core\RaidMonitor.Core.csproj", "{CEFFC7AC-938A-4347-89D8-D5EA617D945E}"
EndProject
Project("{FAE04EC0-301F-11D3-BF4B-00C04F79EFBC}") = "RaidMonitor.Email", "RaidMonitor.Email\RaidMonitor.Email.csproj", "{D7715AF5-0F19-49EE-AECC-E859744E4699}"
EndProject
Project("{FAE04EC0-301F-11D3-BF4B-00C04F79EFBC}") = "RaidMonitor.Configuration", "RaidMonitor.Configuration\RaidMonitor.Configuration.csproj", "{4DDF559A-DBB7-4462-8820-23BCE633490A}"
EndProject
Project("{2150E333-8FDC-42A3-9474-1A3956D46DE8}") = "RaidMonitor.Tests", "RaidMonitor.Tests", "{DA395CBD-D158-41E7-B73D-016F23E922A7}"
EndProject
Project("{FAE04EC0-301F-11D3-BF4B-00C04F79EFBC}") = "RaidMonitor.Application.Tests", "RaidMonitor.Tests\RaidMonitor.Application.Tests\RaidMonitor.Application.Tests.csproj", "{AFA52605-CC3C-4E34-AC0C-3D70BFEE00E1}"
EndProject
Project("{FAE04EC0-301F-11D3-BF4B-00C04F79EFBC}") = "RaidMonitor.Tests.Common", "RaidMonitor.Tests\RaidMonitor.Tests.Common\RaidMonitor.Tests.Common.csproj", "{AF238393-280B-42C7-AD0E-1E4F0B9D7256}"
EndProject
Project("{FAE04EC0-301F-11D3-BF4B-00C04F79EFBC}") = "RaidMonitor.Core.Tests", "RaidMonitor.Tests\RaidMonitor.Core.Tests\RaidMonitor.Core.Tests.csproj", "{CF6245B8-5BBC-4515-8A87-BE50F5B84AB1}"
EndProject
Project("{FAE04EC0-301F-11D3-BF4B-00C04F79EFBC}") = "RaidMonitor.Tests.Analyzers", "RaidMonitor.Tests\RaidMonitor.Tests.Analyzers\RaidMonitor.Tests.Analyzers.csproj", "{7A3BCBD6-018B-4813-B7EC-F7FF36DF1007}"
EndProject
Global
	GlobalSection(SolutionConfigurationPlatforms) = preSolution
		Debug|Any CPU = Debug|Any CPU
		Release|Any CPU = Release|Any CPU
	EndGlobalSection
	GlobalSection(ProjectConfigurationPlatforms) = postSolution
		{8F800AF6-8212-4448-8B30-6061637C0FE0}.Debug|Any CPU.ActiveCfg = Debug|Any CPU
		{8F800AF6-8212-4448-8B30-6061637C0FE0}.Debug|Any CPU.Build.0 = Debug|Any CPU
		{8F800AF6-8212-4448-8B30-6061637C0FE0}.Release|Any CPU.ActiveCfg = Release|Any CPU
		{8F800AF6-8212-4448-8B30-6061637C0FE0}.Release|Any CPU.Build.0 = Release|Any CPU
		{E680A7A8-8034-4571-82B0-6A6591447315}.Debug|Any CPU.ActiveCfg = Debug|Any CPU
		{E680A7A8-8034-4571-82B0-6A6591447315}.Debug|Any CPU.Build.0 = Debug|Any CPU
		{E680A7A8-8034-4571-82B0-6A6591447315}.Release|Any CPU.ActiveCfg = Release|Any CPU
		{E680A7A8-8034-4571-82B0-6A6591447315}.Release|Any CPU.Build.0 = Release|Any CPU
		{1812EC3B-D7DA-4877-93B4-BEEA6BCFF0B5}.Debug|Any CPU.ActiveCfg = Debug|Any CPU
		{1812EC3B-D7DA-4877-93B4-BEEA6BCFF0B5}.Debug|Any CPU.Build.0 = Debug|Any CPU
		{1812EC3B-D7DA-4877-93B4-BEEA6BCFF0B5}.Release|Any CPU.ActiveCfg = Release|Any CPU
		{1812EC3B-D7DA-4877-93B4-BEEA6BCFF0B5}.Release|Any CPU.Build.0 = Release|Any CPU
		{9EF0F389-F63B-45E1-8607-4DF7872965A8}.Debug|Any CPU.ActiveCfg = Debug|Any CPU
		{9EF0F389-F63B-45E1-8607-4DF7872965A8}.Debug|Any CPU.Build.0 = Debug|Any CPU
		{9EF0F389-F63B-45E1-8607-4DF7872965A8}.Release|Any CPU.ActiveCfg = Release|Any CPU
		{9EF0F389-F63B-45E1-8607-4DF7872965A8}.Release|Any CPU.Build.0 = Release|Any CPU
		{CEFFC7AC-938A-4347-89D8-D5EA617D945E}.Debug|Any CPU.ActiveCfg = Debug|Any CPU
		{CEFFC7AC-938A-4347-89D8-D5EA617D945E}.Debug|Any CPU.Build.0 = Debug|Any CPU
		{CEFFC7AC-938A-4347-89D8-D5EA617D945E}.Release|Any CPU.ActiveCfg = Release|Any CPU
		{CEFFC7AC-938A-4347-89D8-D5EA617D945E}.Release|Any CPU.Build.0 = Release|Any CPU
		{D7715AF5-0F19-49EE-AECC-E859744E4699}.Debug|Any CPU.ActiveCfg = Debug|Any CPU
		{D7715AF5-0F19-49EE-AECC-E859744E4699}.Debug|Any CPU.Build.0 = Debug|Any CPU
		{D7715AF5-0F19-49EE-AECC-E859744E4699}.Release|Any CPU.ActiveCfg = Release|Any CPU
		{D7715AF5-0F19-49EE-AECC-E859744E4699}.Release|Any CPU.Build.0 = Release|Any CPU
		{4DDF559A-DBB7-4462-8820-23BCE633490A}.Debug|Any CPU.ActiveCfg = Debug|Any CPU
		{4DDF559A-DBB7-4462-8820-23BCE633490A}.Debug|Any CPU.Build.0 = Debug|Any CPU
		{4DDF559A-DBB7-4462-8820-23BCE633490A}.Release|Any CPU.ActiveCfg = Release|Any CPU
		{4DDF559A-DBB7-4462-8820-23BCE633490A}.Release|Any CPU.Build.0 = Release|Any CPU
		{AFA52605-CC3C-4E34-AC0C-3D70BFEE00E1}.Debug|Any CPU.ActiveCfg = Debug|Any CPU
		{AFA52605-CC3C-4E34-AC0C-3D70BFEE00E1}.Debug|Any CPU.Build.0 = Debug|Any CPU
		{AFA52605-CC3C-4E34-AC0C-3D70BFEE00E1}.Release|Any CPU.ActiveCfg = Release|Any CPU
		{AFA52605-CC3C-4E34-AC0C-3D70BFEE00E1}.Release|Any CPU.Build.0 = Release|Any CPU
		{AF238393-280B-42C7-AD0E-1E4F0B9D7256}.Debug|Any CPU.ActiveCfg = Debug|Any CPU
		{AF238393-280B-42C7-AD0E-1E4F0B9D7256}.Debug|Any CPU.Build.0 = Debug|Any CPU
		{AF238393-280B-42C7-AD0E-1E4F0B9D7256}.Release|Any CPU.ActiveCfg = Release|Any CPU
		{AF238393-280B-42C7-AD0E-1E4F0B9D7256}.Release|Any CPU.Build.0 = Release|Any CPU
		{CF6245B8-5BBC-4515-8A87-BE50F5B84AB1}.Debug|Any CPU.ActiveCfg = Debug|Any CPU
		{CF6245B8-5BBC-4515-8A87-BE50F5B84AB1}.Debug|Any CPU.Build.0 = Debug|Any CPU
		{CF6245B8-5BBC-4515-8A87-BE50F5B84AB1}.Release|Any CPU.ActiveCfg = Release|Any CPU
		{CF6245B8-5BBC-4515-8A87-BE50F5B84AB1}.Release|Any CPU.Build.0 = Release|Any CPU
		{7A3BCBD6-018B-4813-B7EC-F7FF36DF1007}.Debug|Any CPU.ActiveCfg = Debug|Any CPU
		{7A3BCBD6-018B-4813-B7EC-F7FF36DF1007}.Debug|Any CPU.Build.0 = Debug|Any CPU
		{7A3BCBD6-018B-4813-B7EC-F7FF36DF1007}.Release|Any CPU.ActiveCfg = Release|Any CPU
		{7A3BCBD6-018B-4813-B7EC-F7FF36DF1007}.Release|Any CPU.Build.0 = Release|Any CPU
	EndGlobalSection
	GlobalSection(NestedProjects) = preSolution
		{AFA52605-CC3C-4E34-AC0C-3D70BFEE00E1} = {DA395CBD-D158-41E7-B73D-016F23E922A7}
		{AF238393-280B-42C7-AD0E-1E4F0B9D7256} = {DA395CBD-D158-41E7-B73D-016F23E922A7}
		{CF6245B8-5BBC-4515-8A87-BE50F5B84AB1} = {DA395CBD-D158-41E7-B73D-016F23E922A7}
		{7A3BCBD6-018B-4813-B7EC-F7FF36DF1007} = {DA395CBD-D158-41E7-B73D-016F23E922A7}
	EndGlobalSection
EndGlobal
